
Microsoft Visual Studio Solution File, Format Version 12.00
# Visual Studio Version 17
VisualStudioVersion = 17.14.36623.8
MinimumVisualStudioVersion = 10.0.40219.1
Project("{FAE04EC0-301F-11D3-BF4B-00C04F79EFBC}") = "MantelProgramming.Tests", "MantelProgramming.Tests.csproj", "{33206F74-AA8A-481E-8FB7-AC8868A8E7BD}"
EndProject
Project("{FAE04EC0-301F-11D3-BF4B-00C04F79EFBC}") = "MantelProgramming", "..\MantelProgramming\MantelProgramming.csproj", "{6782F9AD-496B-4F3F-7666-1FADCB8E5894}"
EndProject
Global
	GlobalSection(SolutionConfigurationPlatforms) = preSolution
		Debug|Any CPU = Debug|Any CPU
		Release|Any CPU = Release|Any CPU
	EndGlobalSection
	GlobalSection(ProjectConfigurationPlatforms) = postSolution
		{33206F74-AA8A-481E-8FB7-AC8868A8E7BD}.Debug|Any CPU.ActiveCfg = Debug|Any CPU
		{33206F74-AA8A-481E-8FB7-AC8868A8E7BD}.Debug|Any CPU.Build.0 = Debug|Any CPU
		{33206F74-AA8A-481E-8FB7-AC8868A8E7BD}.Release|Any CPU.ActiveCfg = Release|Any CPU
		{33206F74-AA8A-481E-8FB7-AC8868A8E7BD}.Release|Any CPU.Build.0 = Release|Any CPU
		{6782F9AD-496B-4F3F-7666-1FADCB8E5894}.Debug|Any CPU.ActiveCfg = Debug|Any CPU
		{6782F9AD-496B-4F3F-7666-1FADCB8E5894}.Debug|Any CPU.Build.0 = Debug|Any CPU
		{6782F9AD-496B-4F3F-7666-1FADCB8E5894}.Release|Any CPU.ActiveCfg = Release|Any CPU
		{6782F9AD-496B-4F3F-7666-1FADCB8E5894}.Release|Any CPU.Build.0 = Release|Any CPU
	EndGlobalSection
	GlobalSection(SolutionProperties) = preSolution
		HideSolutionNode = FALSE
	EndGlobalSection
	GlobalSection(ExtensibilityGlobals) = postSolution
		SolutionGuid = {61CE47D3-49D7-4894-8EBA-6D6E100BDDCC}
	EndGlobalSection
EndGlobal
